{
  "requires": true,
  "lockfileVersion": 1,
  "dependencies": {
    "aysnc": {
      "version": "0.0.1-security",
      "resolved": "https://registry.npmjs.org/aysnc/-/aysnc-0.0.1-security.tgz",
      "integrity": "sha512-sYBudonLYwlhaoFlnGfpHWVzUv4FCG8FaNZBjEpkQUwCZf3VjEaVB0/YAmuHekss3mdWl94656oBlpGiY1KKWQ=="
    }
  }
}
